
Microsoft Visual Studio Solution File, Format Version 12.00
# Visual Studio Version 17
VisualStudioVersion = 17.9.34728.123
MinimumVisualStudioVersion = 10.0.40219.1
Project("{FAE04EC0-301F-11D3-BF4B-00C04F79EFBC}") = "SPS01CalibrateApp", "SPS01CalibrateApp\SPS01CalibrateApp.csproj", "{5CFD4344-FD28-4905-B082-9D0BAC5EF7E8}"
EndProject
Project("{FAE04EC0-301F-11D3-BF4B-00C04F79EFBC}") = "SPS01CalibrateAppTests", "SPS01CalibrateAppTests\SPS01CalibrateAppTests.csproj", "{992644CC-71D8-46BE-9003-4BFB652B5B05}"
EndProject
Project("{FAE04EC0-301F-11D3-BF4B-00C04F79EFBC}") = "SPS01CalibrateAndTestNewModeApp", "SPS01CalibrateAndTestNewModeApp\SPS01CalibrateAndTestNewModeApp.csproj", "{C967D16B-C168-42EC-9C58-1E5C6B6C376A}"
EndProject
Project("{FAE04EC0-301F-11D3-BF4B-00C04F79EFBC}") = "SPS01CalibrateAndTestApp", "SPS01CalibrateAndTestApp\SPS01CalibrateAndTestApp.csproj", "{06B41096-BB52-4DA1-AFF6-501FE2026D9C}"
EndProject
Project("{FAE04EC0-301F-11D3-BF4B-00C04F79EFBC}") = "SPS01CalibrateAndTestNewModeAppTests", "SPS01CalibrateAndTestNewModeAppTests\SPS01CalibrateAndTestNewModeAppTests.csproj", "{F525981A-00C1-4BB9-BCEF-2E95ED1BFC28}"
EndProject
Global
	GlobalSection(SolutionConfigurationPlatforms) = preSolution
		Debug|Any CPU = Debug|Any CPU
		Release|Any CPU = Release|Any CPU
	EndGlobalSection
	GlobalSection(ProjectConfigurationPlatforms) = postSolution
		{5CFD4344-FD28-4905-B082-9D0BAC5EF7E8}.Debug|Any CPU.ActiveCfg = Debug|Any CPU
		{5CFD4344-FD28-4905-B082-9D0BAC5EF7E8}.Debug|Any CPU.Build.0 = Debug|Any CPU
		{5CFD4344-FD28-4905-B082-9D0BAC5EF7E8}.Release|Any CPU.ActiveCfg = Release|Any CPU
		{5CFD4344-FD28-4905-B082-9D0BAC5EF7E8}.Release|Any CPU.Build.0 = Release|Any CPU
		{992644CC-71D8-46BE-9003-4BFB652B5B05}.Debug|Any CPU.ActiveCfg = Debug|Any CPU
		{992644CC-71D8-46BE-9003-4BFB652B5B05}.Debug|Any CPU.Build.0 = Debug|Any CPU
		{992644CC-71D8-46BE-9003-4BFB652B5B05}.Release|Any CPU.ActiveCfg = Release|Any CPU
		{992644CC-71D8-46BE-9003-4BFB652B5B05}.Release|Any CPU.Build.0 = Release|Any CPU
		{C967D16B-C168-42EC-9C58-1E5C6B6C376A}.Debug|Any CPU.ActiveCfg = Debug|Any CPU
		{C967D16B-C168-42EC-9C58-1E5C6B6C376A}.Debug|Any CPU.Build.0 = Debug|Any CPU
		{C967D16B-C168-42EC-9C58-1E5C6B6C376A}.Release|Any CPU.ActiveCfg = Release|Any CPU
		{C967D16B-C168-42EC-9C58-1E5C6B6C376A}.Release|Any CPU.Build.0 = Release|Any CPU
		{06B41096-BB52-4DA1-AFF6-501FE2026D9C}.Debug|Any CPU.ActiveCfg = Debug|Any CPU
		{06B41096-BB52-4DA1-AFF6-501FE2026D9C}.Debug|Any CPU.Build.0 = Debug|Any CPU
		{06B41096-BB52-4DA1-AFF6-501FE2026D9C}.Release|Any CPU.ActiveCfg = Release|Any CPU
		{06B41096-BB52-4DA1-AFF6-501FE2026D9C}.Release|Any CPU.Build.0 = Release|Any CPU
		{F525981A-00C1-4BB9-BCEF-2E95ED1BFC28}.Debug|Any CPU.ActiveCfg = Debug|Any CPU
		{F525981A-00C1-4BB9-BCEF-2E95ED1BFC28}.Debug|Any CPU.Build.0 = Debug|Any CPU
		{F525981A-00C1-4BB9-BCEF-2E95ED1BFC28}.Release|Any CPU.ActiveCfg = Release|Any CPU
		{F525981A-00C1-4BB9-BCEF-2E95ED1BFC28}.Release|Any CPU.Build.0 = Release|Any CPU
	EndGlobalSection
	GlobalSection(SolutionProperties) = preSolution
		HideSolutionNode = FALSE
	EndGlobalSection
	GlobalSection(ExtensibilityGlobals) = postSolution
		SolutionGuid = {AC39680B-B177-492B-84F6-B21190E32EBA}
	EndGlobalSection
EndGlobal
